
Microsoft Visual Studio Solution File, Format Version 12.00
# Visual Studio Version 17
VisualStudioVersion = 17.14.36804.6 d17.14
MinimumVisualStudioVersion = 10.0.40219.1
Project("{888888A0-9F3D-457C-B088-3A5042F75D52}") = "Ticket-System", "Ticket-System.pyproj", "{5CE2234B-F309-4593-9BE0-C8968D387ED7}"
EndProject
Global
	GlobalSection(SolutionConfigurationPlatforms) = preSolution
		Debug|Any CPU = Debug|Any CPU
		Release|Any CPU = Release|Any CPU
	EndGlobalSection
	GlobalSection(ProjectConfigurationPlatforms) = postSolution
		{5CE2234B-F309-4593-9BE0-C8968D387ED7}.Debug|Any CPU.ActiveCfg = Debug|Any CPU
		{5CE2234B-F309-4593-9BE0-C8968D387ED7}.Release|Any CPU.ActiveCfg = Release|Any CPU
	EndGlobalSection
	GlobalSection(SolutionProperties) = preSolution
		HideSolutionNode = FALSE
	EndGlobalSection
	GlobalSection(ExtensibilityGlobals) = postSolution
		SolutionGuid = {C9902976-D12D-4DED-BB4D-12EDE2455FB3}
	EndGlobalSection
EndGlobal
